
Microsoft Visual Studio Solution File, Format Version 12.00
# Visual Studio Version 16
VisualStudioVersion = 16.0.32228.343
MinimumVisualStudioVersion = 10.0.40219.1
Project("{FAE04EC0-301F-11D3-BF4B-00C04F79EFBC}") = "DemoDB", "DemoDB\DemoDB.csproj", "{93D7B199-5A6C-46B5-85CE-BDD2E537DF76}"
EndProject
Global
	GlobalSection(SolutionConfigurationPlatforms) = preSolution
		Debug|Any CPU = Debug|Any CPU
		Release|Any CPU = Release|Any CPU
	EndGlobalSection
	GlobalSection(ProjectConfigurationPlatforms) = postSolution
		{93D7B199-5A6C-46B5-85CE-BDD2E537DF76}.Debug|Any CPU.ActiveCfg = Debug|Any CPU
		{93D7B199-5A6C-46B5-85CE-BDD2E537DF76}.Debug|Any CPU.Build.0 = Debug|Any CPU
		{93D7B199-5A6C-46B5-85CE-BDD2E537DF76}.Release|Any CPU.ActiveCfg = Release|Any CPU
		{93D7B199-5A6C-46B5-85CE-BDD2E537DF76}.Release|Any CPU.Build.0 = Release|Any CPU
	EndGlobalSection
	GlobalSection(SolutionProperties) = preSolution
		HideSolutionNode = FALSE
	EndGlobalSection
	GlobalSection(ExtensibilityGlobals) = postSolution
		SolutionGuid = {10DDEB98-60B4-4A98-8973-7317488F4119}
	EndGlobalSection
EndGlobal
